Microsoft Visual Studio Solution File, Format Version 12.00
# Visual Studio Version 17
VisualStudioVersion = 17.5.2.0
MinimumVisualStudioVersion = 10.0.40219.1
Project("{2150E333-8FDC-42A3-9474-1A3956D46DE8}") = "src", "src", "{827E0CD3-B72D-47B6-A68D-7590B98EB39B}"
EndProject
Project("{2150E333-8FDC-42A3-9474-1A3956D46DE8}") = "tests", "tests", "{0AB3BF05-4346-4AA6-1389-037BE0695223}"
EndProject
Project("{FAE04EC0-301F-11D3-BF4B-00C04F79EFBC}") = "MortgageCalculator", "src\MortgageCalculator\MortgageCalculator.csproj", "{D9011AFB-F069-35FC-E7AF-84A29E8DFF49}"
EndProject
Project("{FAE04EC0-301F-11D3-BF4B-00C04F79EFBC}") = "MortgageCalculator.Tests", "tests\MortgageCalculator.Tests\MortgageCalculator.Tests.csproj", "{8B0C200D-7E16-6AE9-5ABA-C3C333119B72}"
EndProject
Global
	GlobalSection(SolutionConfigurationPlatforms) = preSolution
		Debug|Any CPU = Debug|Any CPU
		Release|Any CPU = Release|Any CPU
	EndGlobalSection
	GlobalSection(ProjectConfigurationPlatforms) = postSolution
		{D9011AFB-F069-35FC-E7AF-84A29E8DFF49}.Debug|Any CPU.ActiveCfg = Debug|Any CPU
		{D9011AFB-F069-35FC-E7AF-84A29E8DFF49}.Debug|Any CPU.Build.0 = Debug|Any CPU
		{D9011AFB-F069-35FC-E7AF-84A29E8DFF49}.Release|Any CPU.ActiveCfg = Release|Any CPU
		{D9011AFB-F069-35FC-E7AF-84A29E8DFF49}.Release|Any CPU.Build.0 = Release|Any CPU
		{8B0C200D-7E16-6AE9-5ABA-C3C333119B72}.Debug|Any CPU.ActiveCfg = Debug|Any CPU
		{8B0C200D-7E16-6AE9-5ABA-C3C333119B72}.Debug|Any CPU.Build.0 = Debug|Any CPU
		{8B0C200D-7E16-6AE9-5ABA-C3C333119B72}.Release|Any CPU.ActiveCfg = Release|Any CPU
		{8B0C200D-7E16-6AE9-5ABA-C3C333119B72}.Release|Any CPU.Build.0 = Release|Any CPU
	EndGlobalSection
	GlobalSection(SolutionProperties) = preSolution
		HideSolutionNode = FALSE
	EndGlobalSection
	GlobalSection(NestedProjects) = preSolution
		{D9011AFB-F069-35FC-E7AF-84A29E8DFF49} = {827E0CD3-B72D-47B6-A68D-7590B98EB39B}
		{8B0C200D-7E16-6AE9-5ABA-C3C333119B72} = {0AB3BF05-4346-4AA6-1389-037BE0695223}
	EndGlobalSection
	GlobalSection(ExtensibilityGlobals) = postSolution
		SolutionGuid = {4ED7502C-F43F-4329-9A44-B037D8F3910C}
	EndGlobalSection
EndGlobal
